
Microsoft Visual Studio Solution File, Format Version 12.00
# Visual Studio Version 17
VisualStudioVersion = 17.4.33213.308
MinimumVisualStudioVersion = 10.0.40219.1
Project("{FAE04EC0-301F-11D3-BF4B-00C04F79EFBC}") = "calculator", "calculator\calculator.csproj", "{94372A69-B99D-41C6-ACDA-68FDF4F8D035}"
EndProject
Global
	GlobalSection(SolutionConfigurationPlatforms) = preSolution
		Debug|Any CPU = Debug|Any CPU
		Release|Any CPU = Release|Any CPU
	EndGlobalSection
	GlobalSection(ProjectConfigurationPlatforms) = postSolution
		{94372A69-B99D-41C6-ACDA-68FDF4F8D035}.Debug|Any CPU.ActiveCfg = Debug|Any CPU
		{94372A69-B99D-41C6-ACDA-68FDF4F8D035}.Debug|Any CPU.Build.0 = Debug|Any CPU
		{94372A69-B99D-41C6-ACDA-68FDF4F8D035}.Release|Any CPU.ActiveCfg = Release|Any CPU
		{94372A69-B99D-41C6-ACDA-68FDF4F8D035}.Release|Any CPU.Build.0 = Release|Any CPU
	EndGlobalSection
	GlobalSection(SolutionProperties) = preSolution
		HideSolutionNode = FALSE
	EndGlobalSection
	GlobalSection(ExtensibilityGlobals) = postSolution
		SolutionGuid = {BB976139-F226-4571-9057-F5D1C3B4F7E4}
	EndGlobalSection
EndGlobal
